// !$*UTF8*$!
{
	archiveVersion = 1;
	classes = {
	};
	objectVersion = 56;
	objects = {

/* Begin PBXBuildFile section */
		D6FC7D7929E78AB40016E372 /* AppDelegate.swift in Sources */ = {isa = PBXBuildFile; fileRef = D6FC7D7829E78AB40016E372 /* AppDelegate.swift */; };
		D6FC7D7B29E78AB40016E372 /* SceneDelegate.swift in Sources */ = {isa = PBXBuildFile; fileRef = D6FC7D7A29E78AB40016E372 /* SceneDelegate.swift */; };
		D6FC7D7D29E78AB40016E372 /* ViewController.swift in Sources */ = {isa = PBXBuildFile; fileRef = D6FC7D7C29E78AB40016E372 /* ViewController.swift */; };
		D6FC7D8029E78AB40016E372 /* Main.storyboard in Resources */ = {isa = PBXBuildFile; fileRef = D6FC7D7E29E78AB40016E372 /* Main.storyboard */; };
		D6FC7D8229E78AB50016E372 /* Assets.xcassets in Resources */ = {isa = PBXBuildFile; fileRef = D6FC7D8129E78AB50016E372 /* Assets.xcassets */; };
		D6FC7D8529E78AB50016E372 /* LaunchScreen.storyboard in Resources */ = {isa = PBXBuildFile; fileRef = D6FC7D8329E78AB50016E372 /* LaunchScreen.storyboard */; };
		D6FC7D9029E78B5F0016E372 /* WeatherService.swift in Sources */ = {isa = PBXBuildFile; fileRef = D6FC7D8F29E78B5F0016E372 /* WeatherService.swift */; };
		D6FC7D9229E78BCD0016E372 /* WeatherData.swift in Sources */ = {isa = PBXBuildFile; fileRef = D6FC7D9129E78BCD0016E372 /* WeatherData.swift */; };
/* End PBXBuildFile section */

/* Begin PBXFileReference section */
		D6FC7D7529E78AB40016E372 /* Weather App Demo.app */ = {isa = PBXFileReference; explicitFileType = wrapper.application; includeInIndex = 0; path = "Weather App Demo.app"; sourceTree = BUILT_PRODUCTS_DIR; };
		D6FC7D7829E78AB40016E372 /* AppDelegate.swift */ = {isa = PBXFileReference; lastKnownFileType = sourcecode.swift; path = AppDelegate.swift; sourceTree = "<group>"; };
		D6FC7D7A29E78AB40016E372 /* SceneDelegate.swift */ = {isa = PBXFileReference; lastKnownFileType = sourcecode.swift; path = SceneDelegate.swift; sourceTree = "<group>"; };
		D6FC7D7C29E78AB40016E372 /* ViewController.swift */ = {isa = PBXFileReference; lastKnownFileType = sourcecode.swift; path = ViewController.swift; sourceTree = "<group>"; };
		D6FC7D7F29E78AB40016E372 /* Base */ = {isa = PBXFileReference; lastKnownFileType = file.storyboard; name = Base; path = Base.lproj/Main.storyboard; sourceTree = "<group>"; };
		D6FC7D8129E78AB50016E372 /* Assets.xcassets */ = {isa = PBXFileReference; lastKnownFileType = folder.assetcatalog; path = Assets.xcassets; sourceTree = "<group>"; };
		D6FC7D8429E78AB50016E372 /* Base */ = {isa = PBXFileReference; lastKnownFileType = file.storyboard; name = Base; path = Base.lproj/LaunchScreen.storyboard; sourceTree = "<group>"; };
		D6FC7D8629E78AB50016E372 /* Info.plist */ = {isa = PBXFileReference; lastKnownFileType = text.plist.xml; path = Info.plist; sourceTree = "<group>"; };
		D6FC7D8F29E78B5F0016E372 /* WeatherService.swift */ = {isa = PBXFileReference; lastKnownFileType = sourcecode.swift; path = WeatherService.swift; sourceTree = "<group>"; };
		D6FC7D9129E78BCD0016E372 /* WeatherData.swift */ = {isa = PBXFileReference; lastKnownFileType = sourcecode.swift; path = WeatherData.swift; sourceTree = "<group>"; };
/* End PBXFileReference section */

/* Begin PBXFrameworksBuildPhase section */
		D6FC7D7229E78AB40016E372 /* Frameworks */ = {
			isa = PBXFrameworksBuildPhase;
			buildActionMask = 2147483647;
			files = (
			);
			runOnlyForDeploymentPostprocessing = 0;
		};
/* End PBXFrameworksBuildPhase section */

/* Begin PBXGroup section */
		D6FC7D6C29E78AB40016E372 = {
			isa = PBXGroup;
			children = (
				D6FC7D7729E78AB40016E372 /* Weather App Demo */,
				D6FC7D7629E78AB40016E372 /* Products */,
			);
			sourceTree = "<group>";
		};
		D6FC7D7629E78AB40016E372 /* Products */ = {
			isa = PBXGroup;
			children = (
				D6FC7D7529E78AB40016E372 /* Weather App Demo.app */,
			);
			name = Products;
			sourceTree = "<group>";
		};
		D6FC7D7729E78AB40016E372 /* Weather App Demo */ = {
			isa = PBXGroup;
			children = (
				D6FC7D8E29E78B330016E372 /* Controller */,
				D6FC7D8D29E78B260016E372 /* Model */,
				D6FC7D8C29E78B1E0016E372 /* Service */,
				D6FC7D7829E78AB40016E372 /* AppDelegate.swift */,
				D6FC7D7A29E78AB40016E372 /* SceneDelegate.swift */,
				D6FC7D7C29E78AB40016E372 /* ViewController.swift */,
				D6FC7D7E29E78AB40016E372 /* Main.storyboard */,
				D6FC7D8129E78AB50016E372 /* Assets.xcassets */,
				D6FC7D8329E78AB50016E372 /* LaunchScreen.storyboard */,
				D6FC7D8629E78AB50016E372 /* Info.plist */,
			);
			path = "Weather App Demo";
			sourceTree = "<group>";
		};
		D6FC7D8C29E78B1E0016E372 /* Service */ = {
			isa = PBXGroup;
			children = (
				D6FC7D8F29E78B5F0016E372 /* WeatherService.swift */,
			);
			path = Service;
			sourceTree = "<group>";
		};
		D6FC7D8D29E78B260016E372 /* Model */ = {
			isa = PBXGroup;
			children = (
				D6FC7D9129E78BCD0016E372 /* WeatherData.swift */,
			);
			path = Model;
			sourceTree = "<group>";
		};
		D6FC7D8E29E78B330016E372 /* Controller */ = {
			isa = PBXGroup;
			children = (
			);
			path = Controller;
			sourceTree = "<group>";
		};
/* End PBXGroup section */

/* Begin PBXNativeTarget section */
		D6FC7D7429E78AB40016E372 /* Weather App Demo */ = {
			isa = PBXNativeTarget;
			buildConfigurationList = D6FC7D8929E78AB50016E372 /* Build configuration list for PBXNativeTarget "Weather App Demo" */;
			buildPhases = (
				D6FC7D7129E78AB40016E372 /* Sources */,
				D6FC7D7229E78AB40016E372 /* Frameworks */,
				D6FC7D7329E78AB40016E372 /* Resources */,
			);
			buildRules = (
			);
			dependencies = (
			);
			name = "Weather App Demo";
			productName = "Weather App Demo";
			productReference = D6FC7D7529E78AB40016E372 /* Weather App Demo.app */;
			productType = "com.apple.product-type.application";
		};
/* End PBXNativeTarget section */

/* Begin PBXProject section */
		D6FC7D6D29E78AB40016E372 /* Project object */ = {
			isa = PBXProject;
			attributes = {
				BuildIndependentTargetsInParallel = 1;
				LastSwiftUpdateCheck = 1420;
				LastUpgradeCheck = 1420;
				TargetAttributes = {
					D6FC7D7429E78AB40016E372 = {
						CreatedOnToolsVersion = 14.2;
					};
				};
			};
			buildConfigurationList = D6FC7D7029E78AB40016E372 /* Build configuration list for PBXProject "Weather App Demo" */;
			compatibilityVersion = "Xcode 14.0";
			developmentRegion = en;
			hasScannedForEncodings = 0;
			knownRegions = (
				en,
				Base,
			);
			mainGroup = D6FC7D6C29E78AB40016E372;
			productRefGroup = D6FC7D7629E78AB40016E372 /* Products */;
			projectDirPath = "";
			projectRoot = "";
			targets = (
				D6FC7D7429E78AB40016E372 /* Weather App Demo */,
			);
		};
/* End PBXProject section */

/* Begin PBXResourcesBuildPhase section */
		D6FC7D7329E78AB40016E372 /* Resources */ = {
			isa = PBXResourcesBuildPhase;
			buildActionMask = 2147483647;
			files = (
				D6FC7D8529E78AB50016E372 /* LaunchScreen.storyboard in Resources */,
				D6FC7D8229E78AB50016E372 /* Assets.xcassets in Resources */,
				D6FC7D8029E78AB40016E372 /* Main.storyboard in Resources */,
			);
			runOnlyForDeploymentPostprocessing = 0;
		};
/* End PBXResourcesBuildPhase section */

/* Begin PBXSourcesBuildPhase section */
		D6FC7D7129E78AB40016E372 /* Sources */ = {
			isa = PBXSourcesBuildPhase;
			buildActionMask = 2147483647;
			files = (
				D6FC7D9029E78B5F0016E372 /* WeatherService.swift in Sources */,
				D6FC7D9229E78BCD0016E372 /* WeatherData.swift in Sources */,
				D6FC7D7D29E78AB40016E372 /* ViewController.swift in Sources */,
				D6FC7D7929E78AB40016E372 /* AppDelegate.swift in Sources */,
				D6FC7D7B29E78AB40016E372 /* SceneDelegate.swift in Sources */,
			);
			runOnlyForDeploymentPostprocessing = 0;
		};
/* End PBXSourcesBuildPhase section */

/* Begin PBXVariantGroup section */
		D6FC7D7E29E78AB40016E372 /* Main.storyboard */ = {
			isa = PBXVariantGroup;
			children = (
				D6FC7D7F29E78AB40016E372 /* Base */,
			);
			name = Main.storyboard;
			sourceTree = "<group>";
		};
		D6FC7D8329E78AB50016E372 /* LaunchScreen.storyboard */ = {
			isa = PBXVariantGroup;
			children = (
				D6FC7D8429E78AB50016E372 /* Base */,
			);
			name = LaunchScreen.storyboard;
			sourceTree = "<group>";
		};
/* End PBXVariantGroup section */

/* Begin XCBuildConfiguration section */
		D6FC7D8729E78AB50016E372 /* Debug */ = {
			isa = XCBuildConfiguration;
			buildSettings = {
				ALWAYS_SEARCH_USER_PATHS = NO;
				CLANG_ANALYZER_NONNULL = YES;
				CLANG_ANALYZER_NUMBER_OBJECT_CONVERSION = YES_AGGRESSIVE;
				CLANG_CXX_LANGUAGE_STANDARD = "gnu++20";
				CLANG_ENABLE_MODULES = YES;
				CLANG_ENABLE_OBJC_ARC = YES;
				CLANG_ENABLE_OBJC_WEAK = YES;
				CLANG_WARN_BLOCK_CAPTURE_AUTORELEASING = YES;
				CLANG_WARN_BOOL_CONVERSION = YES;
				CLANG_WARN_COMMA = YES;
				CLANG_WARN_CONSTANT_CONVERSION = YES;
				CLANG_WARN_DEPRECATED_OBJC_IMPLEMENTATIONS = YES;
				CLANG_WARN_DIRECT_OBJC_ISA_USAGE = YES_ERROR;
				CLANG_WARN_DOCUMENTATION_COMMENTS = YES;
				CLANG_WARN_EMPTY_BODY = YES;
				CLANG_WARN_ENUM_CONVERSION = YES;
				CLANG_WARN_INFINITE_RECURSION = YES;
				CLANG_WARN_INT_CONVERSION = YES;
				CLANG_WARN_NON_LITERAL_NULL_CONVERSION = YES;
				CLANG_WARN_OBJC_IMPLICIT_RETAIN_SELF = YES;
				CLANG_WARN_OBJC_LITERAL_CONVERSION = YES;
				CLANG_WARN_OBJC_ROOT_CLASS = YES_ERROR;
				CLANG_WARN_QUOTED_INCLUDE_IN_FRAMEWORK_HEADER = YES;
				CLANG_WARN_RANGE_LOOP_ANALYSIS = YES;
				CLANG_WARN_STRICT_PROTOTYPES = YES;
				CLANG_WARN_SUSPICIOUS_MOVE = YES;
				CLANG_WARN_UNGUARDED_AVAILABILITY = YES_AGGRESSIVE;
				CLANG_WARN_UNREACHABLE_CODE = YES;
				CLANG_WARN__DUPLICATE_METHOD_MATCH = YES;
				COPY_PHASE_STRIP = NO;
				DEBUG_INFORMATION_FORMAT = dwarf;
				ENABLE_STRICT_OBJC_MSGSEND = YES;
				ENABLE_TESTABILITY = YES;
				GCC_C_LANGUAGE_STANDARD = gnu11;
				GCC_DYNAMIC_NO_PIC = NO;
				GCC_NO_COMMON_BLOCKS = YES;
				GCC_OPTIMIZATION_LEVEL = 0;
				GCC_PREPROCESSOR_DEFINITIONS = (
					"DEBUG=1",
					"$(inherited)",
				);
				GCC_WARN_64_TO_32_BIT_CONVERSION = YES;
				GCC_WARN_ABOUT_RETURN_TYPE = YES_ERROR;
				GCC_WARN_UNDECLARED_SELECTOR = YES;
				GCC_WARN_UNINITIALIZED_AUTOS = YES_AGGRESSIVE;
				GCC_WARN_UNUSED_FUNCTION = YES;
				GCC_WARN_UNUSED_VARIABLE = YES;
				IPHONEOS_DEPLOYMENT_TARGET = 16.2;
				MTL_ENABLE_DEBUG_INFO = INCLUDE_SOURCE;
				MTL_FAST_MATH = YES;
				ONLY_ACTIVE_ARCH = YES;
				SDKROOT = iphoneos;
				SWIFT_ACTIVE_COMPILATION_CONDITIONS = DEBUG;
				SWIFT_OPTIMIZATION_LEVEL = "-Onone";
			};
			name = Debug;
		};
		D6FC7D8829E78AB50016E372 /* Release */ = {
			isa = XCBuildConfiguration;
			buildSettings = {
				ALWAYS_SEARCH_USER_PATHS = NO;
				CLANG_ANALYZER_NONNULL = YES;
				CLANG_ANALYZER_NUMBER_OBJECT_CONVERSION = YES_AGGRESSIVE;
				CLANG_CXX_LANGUAGE_STANDARD = "gnu++20";
				CLANG_ENABLE_MODULES = YES;
				CLANG_ENABLE_OBJC_ARC = YES;
				CLANG_ENABLE_OBJC_WEAK = YES;
				CLANG_WARN_BLOCK_CAPTURE_AUTORELEASING = YES;
				CLANG_WARN_BOOL_CONVERSION = YES;
				CLANG_WARN_COMMA = YES;
				CLANG_WARN_CONSTANT_CONVERSION = YES;
				CLANG_WARN_DEPRECATED_OBJC_IMPLEMENTATIONS = YES;
				CLANG_WARN_DIRECT_OBJC_ISA_USAGE = YES_ERROR;
				CLANG_WARN_DOCUMENTATION_COMMENTS = YES;
				CLANG_WARN_EMPTY_BODY = YES;
				CLANG_WARN_ENUM_CONVERSION = YES;
				CLANG_WARN_INFINITE_RECURSION = YES;
				CLANG_WARN_INT_CONVERSION = YES;
				CLANG_WARN_NON_LITERAL_NULL_CONVERSION = YES;
				CLANG_WARN_OBJC_IMPLICIT_RETAIN_SELF = YES;
				CLANG_WARN_OBJC_LITERAL_CONVERSION = YES;
				CLANG_WARN_OBJC_ROOT_CLASS = YES_ERROR;
				CLANG_WARN_QUOTED_INCLUDE_IN_FRAMEWORK_HEADER = YES;
				CLANG_WARN_RANGE_LOOP_ANALYSIS = YES;
				CLANG_WARN_STRICT_PROTOTYPES = YES;
				CLANG_WARN_SUSPICIOUS_MOVE = YES;
				CLANG_WARN_UNGUARDED_AVAILABILITY = YES_AGGRESSIVE;
				CLANG_WARN_UNREACHABLE_CODE = YES;
				CLANG_WARN__DUPLICATE_METHOD_MATCH = YES;
				COPY_PHASE_STRIP = NO;
				DEBUG_INFORMATION_FORMAT = "dwarf-with-dsym";
				ENABLE_NS_ASSERTIONS = NO;
				ENABLE_STRICT_OBJC_MSGSEND = YES;
				GCC_C_LANGUAGE_STANDARD = gnu11;
				GCC_NO_COMMON_BLOCKS = YES;
				GCC_WARN_64_TO_32_BIT_CONVERSION = YES;
				GCC_WARN_ABOUT_RETURN_TYPE = YES_ERROR;
				GCC_WARN_UNDECLARED_SELECTOR = YES;
				GCC_WARN_UNINITIALIZED_AUTOS = YES_AGGRESSIVE;
				GCC_WARN_UNUSED_FUNCTION = YES;
				GCC_WARN_UNUSED_VARIABLE = YES;
				IPHONEOS_DEPLOYMENT_TARGET = 16.2;
				MTL_ENABLE_DEBUG_INFO = NO;
				MTL_FAST_MATH = YES;
				SDKROOT = iphoneos;
				SWIFT_COMPILATION_MODE = wholemodule;
				SWIFT_OPTIMIZATION_LEVEL = "-O";
				VALIDATE_PRODUCT = YES;
			};
			name = Release;
		};
		D6FC7D8A29E78AB50016E372 /* Debug */ = {
			isa = XCBuildConfiguration;
			buildSettings = {
				ASSETCATALOG_COMPILER_APPICON_NAME = AppIcon;
				ASSETCATALOG_COMPILER_GLOBAL_ACCENT_COLOR_NAME = AccentColor;
				CODE_SIGN_STYLE = Automatic;
				CURRENT_PROJECT_VERSION = 1;
				DEVELOPMENT_TEAM = WPG5J57J5Q;
				GENERATE_INFOPLIST_FILE = YES;
				INFOPLIST_FILE = "Weather App Demo/Info.plist";
				INFOPLIST_KEY_UIApplicationSupportsIndirectInputEvents = YES;
				INFOPLIST_KEY_UILaunchStoryboardName = LaunchScreen;
				INFOPLIST_KEY_UIMainStoryboardFile = Main;
				INFOPLIST_KEY_UISupportedInterfaceOrientations_iPad = "UIInterfaceOrientationPortrait UIInterfaceOrientationPortraitUpsideDown UIInterfaceOrientationLandscapeLeft UIInterfaceOrientationLandscapeRight";
				INFOPLIST_KEY_UISupportedInterfaceOrientations_iPhone = "UIInterfaceOrientationPortrait UIInterfaceOrientationLandscapeLeft UIInterfaceOrientationLandscapeRight";
				LD_RUNPATH_SEARCH_PATHS = (
					"$(inherited)",
					"@executable_path/Frameworks",
				);
				MARKETING_VERSION = 1.0;
				PRODUCT_BUNDLE_IDENTIFIER = "id.signal.Weather-App-Demo";
				PRODUCT_NAME = "$(TARGET_NAME)";
				SWIFT_EMIT_LOC_STRINGS = YES;
				SWIFT_VERSION = 5.0;
				TARGETED_DEVICE_FAMILY = "1,2";
			};
			name = Debug;
		};
		D6FC7D8B29E78AB50016E372 /* Release */ = {
			isa = XCBuildConfiguration;
			buildSettings = {
				ASSETCATALOG_COMPILER_APPICON_NAME = AppIcon;
				ASSETCATALOG_COMPILER_GLOBAL_ACCENT_COLOR_NAME = AccentColor;
				CODE_SIGN_STYLE = Automatic;
				CURRENT_PROJECT_VERSION = 1;
				DEVELOPMENT_TEAM = WPG5J57J5Q;
				GENERATE_INFOPLIST_FILE = YES;
				INFOPLIST_FILE = "Weather App Demo/Info.plist";
				INFOPLIST_KEY_UIApplicationSupportsIndirectInputEvents = YES;
				INFOPLIST_KEY_UILaunchStoryboardName = LaunchScreen;
				INFOPLIST_KEY_UIMainStoryboardFile = Main;
				INFOPLIST_KEY_UISupportedInterfaceOrientations_iPad = "UIInterfaceOrientationPortrait UIInterfaceOrientationPortraitUpsideDown UIInterfaceOrientationLandscapeLeft UIInterfaceOrientationLandscapeRight";
				INFOPLIST_KEY_UISupportedInterfaceOrientations_iPhone = "UIInterfaceOrientationPortrait UIInterfaceOrientationLandscapeLeft UIInterfaceOrientationLandscapeRight";
				LD_RUNPATH_SEARCH_PATHS = (
					"$(inherited)",
					"@executable_path/Frameworks",
				);
				MARKETING_VERSION = 1.0;
				PRODUCT_BUNDLE_IDENTIFIER = "id.signal.Weather-App-Demo";
				PRODUCT_NAME = "$(TARGET_NAME)";
				SWIFT_EMIT_LOC_STRINGS = YES;
				SWIFT_VERSION = 5.0;
				TARGETED_DEVICE_FAMILY = "1,2";
			};
			name = Release;
		};
/* End XCBuildConfiguration section */

/* Begin XCConfigurationList section */
		D6FC7D7029E78AB40016E372 /* Build configuration list for PBXProject "Weather App Demo" */ = {
			isa = XCConfigurationList;
			buildConfigurations = (
				D6FC7D8729E78AB50016E372 /* Debug */,
				D6FC7D8829E78AB50016E372 /* Release */,
			);
			defaultConfigurationIsVisible = 0;
			defaultConfigurationName = Release;
		};
		D6FC7D8929E78AB50016E372 /* Build configuration list for PBXNativeTarget "Weather App Demo" */ = {
			isa = XCConfigurationList;
			buildConfigurations = (
				D6FC7D8A29E78AB50016E372 /* Debug */,
				D6FC7D8B29E78AB50016E372 /* Release */,
			);
			defaultConfigurationIsVisible = 0;
			defaultConfigurationName = Release;
		};
/* End XCConfigurationList section */
	};
	rootObject = D6FC7D6D29E78AB40016E372 /* Project object */;
}
